
Microsoft Visual Studio Solution File, Format Version 12.00
# Visual Studio 15
VisualStudioVersion = 15.0.28307.271
MinimumVisualStudioVersion = 10.0.40219.1
Project("{FAE04EC0-301F-11D3-BF4B-00C04F79EFBC}") = "TestChat.Server", "TestChat.Server\TestChat.Server.csproj", "{2AA5C419-3AA8-48A0-8526-60E0E2AAAFF1}"
EndProject
Project("{FAE04EC0-301F-11D3-BF4B-00C04F79EFBC}") = "TestChat.Client.WinForms", "TestChat.Client.WinForms\TestChat.Client.WinForms.csproj", "{BC7DD05C-A578-42AD-B4FD-DE81D0B004E4}"
EndProject
Global
	GlobalSection(SolutionConfigurationPlatforms) = preSolution
		Debug|Any CPU = Debug|Any CPU
		Release|Any CPU = Release|Any CPU
	EndGlobalSection
	GlobalSection(ProjectConfigurationPlatforms) = postSolution
		{2AA5C419-3AA8-48A0-8526-60E0E2AAAFF1}.Debug|Any CPU.ActiveCfg = Debug|Any CPU
		{2AA5C419-3AA8-48A0-8526-60E0E2AAAFF1}.Debug|Any CPU.Build.0 = Debug|Any CPU
		{2AA5C419-3AA8-48A0-8526-60E0E2AAAFF1}.Release|Any CPU.ActiveCfg = Release|Any CPU
		{2AA5C419-3AA8-48A0-8526-60E0E2AAAFF1}.Release|Any CPU.Build.0 = Release|Any CPU
		{BC7DD05C-A578-42AD-B4FD-DE81D0B004E4}.Debug|Any CPU.ActiveCfg = Debug|Any CPU
		{BC7DD05C-A578-42AD-B4FD-DE81D0B004E4}.Debug|Any CPU.Build.0 = Debug|Any CPU
		{BC7DD05C-A578-42AD-B4FD-DE81D0B004E4}.Release|Any CPU.ActiveCfg = Release|Any CPU
		{BC7DD05C-A578-42AD-B4FD-DE81D0B004E4}.Release|Any CPU.Build.0 = Release|Any CPU
	EndGlobalSection
	GlobalSection(SolutionProperties) = preSolution
		HideSolutionNode = FALSE
	EndGlobalSection
	GlobalSection(ExtensibilityGlobals) = postSolution
		SolutionGuid = {3BF9A38E-268C-4785-8902-8EB5AAA7F116}
	EndGlobalSection
EndGlobal
